
Microsoft Visual Studio Solution File, Format Version 12.00
# Visual Studio 15
VisualStudioVersion = 15.0.27004.2008
MinimumVisualStudioVersion = 10.0.40219.1
Project("{FAE04EC0-301F-11D3-BF4B-00C04F79EFBC}") = "Ada.Core", "Ada.Core\Ada.Core.csproj", "{1E0B290A-3337-43C9-9CE9-BFB8CE741DBA}"
EndProject
Project("{FAE04EC0-301F-11D3-BF4B-00C04F79EFBC}") = "Ada.Data", "Ada.Data\Ada.Data.csproj", "{1F6E723E-DF12-46EC-8248-E1AEF47B2849}"
EndProject
Project("{FAE04EC0-301F-11D3-BF4B-00C04F79EFBC}") = "Ada.Services", "Ada.Services\Ada.Services.csproj", "{290B1457-586C-4AB4-9B82-6DBBA35F5BD5}"
EndProject
Project("{FAE04EC0-301F-11D3-BF4B-00C04F79EFBC}") = "UnitTest", "UnitTest\UnitTest.csproj", "{C3FBBCA0-DF87-4ED4-A248-B46564858A6B}"
EndProject
Project("{FAE04EC0-301F-11D3-BF4B-00C04F79EFBC}") = "Ada.Web", "Ada.Web\Ada.Web.csproj", "{9B6DAFC4-44E0-4552-89C6-1CAB1568F5EF}"
EndProject
Project("{FAE04EC0-301F-11D3-BF4B-00C04F79EFBC}") = "Ada.Framework", "Ada.Framework\Ada.Framework.csproj", "{DABBE303-D2A1-4255-ADEE-C7836054EED7}"
EndProject
Project("{2150E333-8FDC-42A3-9474-1A3956D46DE8}") = "Modules", "Modules", "{212D2A4D-0325-443C-94B2-4EA3CDE18248}"
EndProject
Project("{FAE04EC0-301F-11D3-BF4B-00C04F79EFBC}") = "Admin", "Ada.Web\Areas\Admin\Admin.csproj", "{9A4569E9-870E-4649-B2EB-D8AE843E9FE8}"
EndProject
Project("{FAE04EC0-301F-11D3-BF4B-00C04F79EFBC}") = "Dashboards", "Ada.Web\Areas\Dashboards\Dashboards.csproj", "{94B525E5-8CC3-4F7D-8428-81F715608018}"
EndProject
Project("{FAE04EC0-301F-11D3-BF4B-00C04F79EFBC}") = "Customer", "Ada.Web\Areas\Customer\Customer.csproj", "{FC5EDF01-4BA3-44CA-BAAC-2589F6B1CDCF}"
EndProject
Project("{FAE04EC0-301F-11D3-BF4B-00C04F79EFBC}") = "Resource", "Ada.Web\Areas\Resource\Resource.csproj", "{9DF100D9-F9D0-421D-BB19-C7B0C7D3DCF4}"
EndProject
Project("{FAE04EC0-301F-11D3-BF4B-00C04F79EFBC}") = "Business", "Ada.Web\Areas\Business\Business.csproj", "{6F433CAC-42AF-4036-8FCE-93E75A6DBED7}"
EndProject
Global
	GlobalSection(SolutionConfigurationPlatforms) = preSolution
		Debug|Any CPU = Debug|Any CPU
		Release|Any CPU = Release|Any CPU
	EndGlobalSection
	GlobalSection(ProjectConfigurationPlatforms) = postSolution
		{1E0B290A-3337-43C9-9CE9-BFB8CE741DBA}.Debug|Any CPU.ActiveCfg = Debug|Any CPU
		{1E0B290A-3337-43C9-9CE9-BFB8CE741DBA}.Debug|Any CPU.Build.0 = Debug|Any CPU
		{1E0B290A-3337-43C9-9CE9-BFB8CE741DBA}.Release|Any CPU.ActiveCfg = Release|Any CPU
		{1E0B290A-3337-43C9-9CE9-BFB8CE741DBA}.Release|Any CPU.Build.0 = Release|Any CPU
		{1F6E723E-DF12-46EC-8248-E1AEF47B2849}.Debug|Any CPU.ActiveCfg = Debug|Any CPU
		{1F6E723E-DF12-46EC-8248-E1AEF47B2849}.Debug|Any CPU.Build.0 = Debug|Any CPU
		{1F6E723E-DF12-46EC-8248-E1AEF47B2849}.Release|Any CPU.ActiveCfg = Release|Any CPU
		{1F6E723E-DF12-46EC-8248-E1AEF47B2849}.Release|Any CPU.Build.0 = Release|Any CPU
		{290B1457-586C-4AB4-9B82-6DBBA35F5BD5}.Debug|Any CPU.ActiveCfg = Debug|Any CPU
		{290B1457-586C-4AB4-9B82-6DBBA35F5BD5}.Debug|Any CPU.Build.0 = Debug|Any CPU
		{290B1457-586C-4AB4-9B82-6DBBA35F5BD5}.Release|Any CPU.ActiveCfg = Release|Any CPU
		{290B1457-586C-4AB4-9B82-6DBBA35F5BD5}.Release|Any CPU.Build.0 = Release|Any CPU
		{C3FBBCA0-DF87-4ED4-A248-B46564858A6B}.Debug|Any CPU.ActiveCfg = Debug|Any CPU
		{C3FBBCA0-DF87-4ED4-A248-B46564858A6B}.Debug|Any CPU.Build.0 = Debug|Any CPU
		{C3FBBCA0-DF87-4ED4-A248-B46564858A6B}.Release|Any CPU.ActiveCfg = Release|Any CPU
		{C3FBBCA0-DF87-4ED4-A248-B46564858A6B}.Release|Any CPU.Build.0 = Release|Any CPU
		{9B6DAFC4-44E0-4552-89C6-1CAB1568F5EF}.Debug|Any CPU.ActiveCfg = Debug|Any CPU
		{9B6DAFC4-44E0-4552-89C6-1CAB1568F5EF}.Debug|Any CPU.Build.0 = Debug|Any CPU
		{9B6DAFC4-44E0-4552-89C6-1CAB1568F5EF}.Release|Any CPU.ActiveCfg = Release|Any CPU
		{9B6DAFC4-44E0-4552-89C6-1CAB1568F5EF}.Release|Any CPU.Build.0 = Release|Any CPU
		{DABBE303-D2A1-4255-ADEE-C7836054EED7}.Debug|Any CPU.ActiveCfg = Debug|Any CPU
		{DABBE303-D2A1-4255-ADEE-C7836054EED7}.Debug|Any CPU.Build.0 = Debug|Any CPU
		{DABBE303-D2A1-4255-ADEE-C7836054EED7}.Release|Any CPU.ActiveCfg = Release|Any CPU
		{DABBE303-D2A1-4255-ADEE-C7836054EED7}.Release|Any CPU.Build.0 = Release|Any CPU
		{9A4569E9-870E-4649-B2EB-D8AE843E9FE8}.Debug|Any CPU.ActiveCfg = Debug|Any CPU
		{9A4569E9-870E-4649-B2EB-D8AE843E9FE8}.Debug|Any CPU.Build.0 = Debug|Any CPU
		{9A4569E9-870E-4649-B2EB-D8AE843E9FE8}.Release|Any CPU.ActiveCfg = Release|Any CPU
		{9A4569E9-870E-4649-B2EB-D8AE843E9FE8}.Release|Any CPU.Build.0 = Release|Any CPU
		{94B525E5-8CC3-4F7D-8428-81F715608018}.Debug|Any CPU.ActiveCfg = Debug|Any CPU
		{94B525E5-8CC3-4F7D-8428-81F715608018}.Debug|Any CPU.Build.0 = Debug|Any CPU
		{94B525E5-8CC3-4F7D-8428-81F715608018}.Release|Any CPU.ActiveCfg = Release|Any CPU
		{94B525E5-8CC3-4F7D-8428-81F715608018}.Release|Any CPU.Build.0 = Release|Any CPU
		{FC5EDF01-4BA3-44CA-BAAC-2589F6B1CDCF}.Debug|Any CPU.ActiveCfg = Debug|Any CPU
		{FC5EDF01-4BA3-44CA-BAAC-2589F6B1CDCF}.Debug|Any CPU.Build.0 = Debug|Any CPU
		{FC5EDF01-4BA3-44CA-BAAC-2589F6B1CDCF}.Release|Any CPU.ActiveCfg = Release|Any CPU
		{FC5EDF01-4BA3-44CA-BAAC-2589F6B1CDCF}.Release|Any CPU.Build.0 = Release|Any CPU
		{9DF100D9-F9D0-421D-BB19-C7B0C7D3DCF4}.Debug|Any CPU.ActiveCfg = Debug|Any CPU
		{9DF100D9-F9D0-421D-BB19-C7B0C7D3DCF4}.Debug|Any CPU.Build.0 = Debug|Any CPU
		{9DF100D9-F9D0-421D-BB19-C7B0C7D3DCF4}.Release|Any CPU.ActiveCfg = Release|Any CPU
		{9DF100D9-F9D0-421D-BB19-C7B0C7D3DCF4}.Release|Any CPU.Build.0 = Release|Any CPU
		{6F433CAC-42AF-4036-8FCE-93E75A6DBED7}.Debug|Any CPU.ActiveCfg = Debug|Any CPU
		{6F433CAC-42AF-4036-8FCE-93E75A6DBED7}.Debug|Any CPU.Build.0 = Debug|Any CPU
		{6F433CAC-42AF-4036-8FCE-93E75A6DBED7}.Release|Any CPU.ActiveCfg = Release|Any CPU
		{6F433CAC-42AF-4036-8FCE-93E75A6DBED7}.Release|Any CPU.Build.0 = Release|Any CPU
	EndGlobalSection
	GlobalSection(SolutionProperties) = preSolution
		HideSolutionNode = FALSE
	EndGlobalSection
	GlobalSection(NestedProjects) = preSolution
		{9A4569E9-870E-4649-B2EB-D8AE843E9FE8} = {212D2A4D-0325-443C-94B2-4EA3CDE18248}
		{94B525E5-8CC3-4F7D-8428-81F715608018} = {212D2A4D-0325-443C-94B2-4EA3CDE18248}
		{FC5EDF01-4BA3-44CA-BAAC-2589F6B1CDCF} = {212D2A4D-0325-443C-94B2-4EA3CDE18248}
		{9DF100D9-F9D0-421D-BB19-C7B0C7D3DCF4} = {212D2A4D-0325-443C-94B2-4EA3CDE18248}
		{6F433CAC-42AF-4036-8FCE-93E75A6DBED7} = {212D2A4D-0325-443C-94B2-4EA3CDE18248}
	EndGlobalSection
	GlobalSection(ExtensibilityGlobals) = postSolution
		SolutionGuid = {AB64B513-252F-4F91-A011-A6FD97731889}
	EndGlobalSection
EndGlobal
