
Microsoft Visual Studio Solution File, Format Version 12.00
# Visual Studio 15
VisualStudioVersion = 15.0.27130.2026
MinimumVisualStudioVersion = 10.0.40219.1
Project("{FAE04EC0-301F-11D3-BF4B-00C04F79EFBC}") = "Ada.Core", "Ada.Core\Ada.Core.csproj", "{1E0B290A-3337-43C9-9CE9-BFB8CE741DBA}"
EndProject
Project("{FAE04EC0-301F-11D3-BF4B-00C04F79EFBC}") = "Ada.Data", "Ada.Data\Ada.Data.csproj", "{1F6E723E-DF12-46EC-8248-E1AEF47B2849}"
EndProject
Project("{FAE04EC0-301F-11D3-BF4B-00C04F79EFBC}") = "Ada.Services", "Ada.Services\Ada.Services.csproj", "{290B1457-586C-4AB4-9B82-6DBBA35F5BD5}"
EndProject
Project("{FAE04EC0-301F-11D3-BF4B-00C04F79EFBC}") = "UnitTest", "UnitTest\UnitTest.csproj", "{C3FBBCA0-DF87-4ED4-A248-B46564858A6B}"
EndProject
Project("{FAE04EC0-301F-11D3-BF4B-00C04F79EFBC}") = "Ada.Web", "Ada.Web\Ada.Web.csproj", "{9B6DAFC4-44E0-4552-89C6-1CAB1568F5EF}"
EndProject
Project("{FAE04EC0-301F-11D3-BF4B-00C04F79EFBC}") = "Ada.Framework", "Ada.Framework\Ada.Framework.csproj", "{DABBE303-D2A1-4255-ADEE-C7836054EED7}"
EndProject
Project("{2150E333-8FDC-42A3-9474-1A3956D46DE8}") = "Modules", "Modules", "{212D2A4D-0325-443C-94B2-4EA3CDE18248}"
EndProject
Project("{FAE04EC0-301F-11D3-BF4B-00C04F79EFBC}") = "Admin", "Ada.Web\Areas\Admin\Admin.csproj", "{9A4569E9-870E-4649-B2EB-D8AE843E9FE8}"
EndProject
Project("{FAE04EC0-301F-11D3-BF4B-00C04F79EFBC}") = "Dashboards", "Ada.Web\Areas\Dashboards\Dashboards.csproj", "{94B525E5-8CC3-4F7D-8428-81F715608018}"
EndProject
Project("{FAE04EC0-301F-11D3-BF4B-00C04F79EFBC}") = "Customer", "Ada.Web\Areas\Customer\Customer.csproj", "{FC5EDF01-4BA3-44CA-BAAC-2589F6B1CDCF}"
EndProject
Project("{FAE04EC0-301F-11D3-BF4B-00C04F79EFBC}") = "Resource", "Ada.Web\Areas\Resource\Resource.csproj", "{9DF100D9-F9D0-421D-BB19-C7B0C7D3DCF4}"
EndProject
Project("{FAE04EC0-301F-11D3-BF4B-00C04F79EFBC}") = "Business", "Ada.Web\Areas\Business\Business.csproj", "{6F433CAC-42AF-4036-8FCE-93E75A6DBED7}"
EndProject
Project("{FAE04EC0-301F-11D3-BF4B-00C04F79EFBC}") = "Purchase", "Ada.Web\Areas\Purchase\Purchase.csproj", "{0B1C13F2-6112-4774-9E76-BD9697E1B98D}"
EndProject
Project("{FAE04EC0-301F-11D3-BF4B-00C04F79EFBC}") = "Finance", "Ada.Web\Areas\Finance\Finance.csproj", "{0E623520-E2BD-412E-AA22-F8121CB70CB5}"
EndProject
Project("{FAE04EC0-301F-11D3-BF4B-00C04F79EFBC}") = "Boss", "Ada.Web\Areas\Boss\Boss.csproj", "{54236A24-E047-42DD-A841-87D6F0BCF0C0}"
EndProject
Project("{FAE04EC0-301F-11D3-BF4B-00C04F79EFBC}") = "WorkLog", "Ada.Web\Areas\WorkLog\WorkLog.csproj", "{5662C2ED-9864-4768-882F-3B1A7F1F15EF}"
EndProject
Project("{FAE04EC0-301F-11D3-BF4B-00C04F79EFBC}") = "Setting", "Ada.Web\Areas\Setting\Setting.csproj", "{D815898F-9949-435B-BBE6-856A9D334DCE}"
EndProject
Project("{FAE04EC0-301F-11D3-BF4B-00C04F79EFBC}") = "QuartzTask", "Ada.Web\Areas\QuartzTask\QuartzTask.csproj", "{27AE571C-D351-42E6-9136-5239825F1AEA}"
EndProject
Project("{FAE04EC0-301F-11D3-BF4B-00C04F79EFBC}") = "DataReport", "Ada.Web\Areas\DataReport\DataReport.csproj", "{C0CF17B0-C44B-4779-8751-FD387C23DDE6}"
EndProject
Project("{FAE04EC0-301F-11D3-BF4B-00C04F79EFBC}") = "APIStore", "Ada.Web\Areas\APIStore\APIStore.csproj", "{30ACC830-AE75-4B16-8ED8-64F9B99D745B}"
EndProject
Project("{FAE04EC0-301F-11D3-BF4B-00C04F79EFBC}") = "Message", "Ada.Web\Areas\Message\Message.csproj", "{6D9BC718-723F-4988-8850-467BEB958321}"
EndProject
Project("{FAE04EC0-301F-11D3-BF4B-00C04F79EFBC}") = "WeiXin", "Ada.Web\Areas\WeiXin\WeiXin.csproj", "{1A2D22B3-9AD0-4092-A87A-3817667177D8}"
EndProject
Project("{FAE04EC0-301F-11D3-BF4B-00C04F79EFBC}") = "Salary", "Ada.Web\Areas\Salary\Salary.csproj", "{CA257809-9D21-4DDF-B494-4AE146A038F8}"
EndProject
Project("{FAE04EC0-301F-11D3-BF4B-00C04F79EFBC}") = "Crawler", "Ada.Web\Areas\Crawler\Crawler.csproj", "{5BC03BE5-006C-4C36-928D-192D7614C8EB}"
EndProject
Project("{FAE04EC0-301F-11D3-BF4B-00C04F79EFBC}") = "Tools", "Ada.Web\Areas\Tools\Tools.csproj", "{ED43983A-C2E4-4FB6-8FA7-115DE80C0770}"
EndProject
Project("{FAE04EC0-301F-11D3-BF4B-00C04F79EFBC}") = "Content", "Ada.Web\Areas\Content\Content.csproj", "{74B444C8-A4DE-4320-94AF-887B27D515F4}"
EndProject
Global
	GlobalSection(SolutionConfigurationPlatforms) = preSolution
		Debug|Any CPU = Debug|Any CPU
		Release|Any CPU = Release|Any CPU
	EndGlobalSection
	GlobalSection(ProjectConfigurationPlatforms) = postSolution
		{1E0B290A-3337-43C9-9CE9-BFB8CE741DBA}.Debug|Any CPU.ActiveCfg = Debug|Any CPU
		{1E0B290A-3337-43C9-9CE9-BFB8CE741DBA}.Debug|Any CPU.Build.0 = Debug|Any CPU
		{1E0B290A-3337-43C9-9CE9-BFB8CE741DBA}.Release|Any CPU.ActiveCfg = Release|Any CPU
		{1E0B290A-3337-43C9-9CE9-BFB8CE741DBA}.Release|Any CPU.Build.0 = Release|Any CPU
		{1F6E723E-DF12-46EC-8248-E1AEF47B2849}.Debug|Any CPU.ActiveCfg = Debug|Any CPU
		{1F6E723E-DF12-46EC-8248-E1AEF47B2849}.Debug|Any CPU.Build.0 = Debug|Any CPU
		{1F6E723E-DF12-46EC-8248-E1AEF47B2849}.Release|Any CPU.ActiveCfg = Release|Any CPU
		{1F6E723E-DF12-46EC-8248-E1AEF47B2849}.Release|Any CPU.Build.0 = Release|Any CPU
		{290B1457-586C-4AB4-9B82-6DBBA35F5BD5}.Debug|Any CPU.ActiveCfg = Debug|Any CPU
		{290B1457-586C-4AB4-9B82-6DBBA35F5BD5}.Debug|Any CPU.Build.0 = Debug|Any CPU
		{290B1457-586C-4AB4-9B82-6DBBA35F5BD5}.Release|Any CPU.ActiveCfg = Release|Any CPU
		{290B1457-586C-4AB4-9B82-6DBBA35F5BD5}.Release|Any CPU.Build.0 = Release|Any CPU
		{C3FBBCA0-DF87-4ED4-A248-B46564858A6B}.Debug|Any CPU.ActiveCfg = Debug|Any CPU
		{C3FBBCA0-DF87-4ED4-A248-B46564858A6B}.Debug|Any CPU.Build.0 = Debug|Any CPU
		{C3FBBCA0-DF87-4ED4-A248-B46564858A6B}.Release|Any CPU.ActiveCfg = Release|Any CPU
		{C3FBBCA0-DF87-4ED4-A248-B46564858A6B}.Release|Any CPU.Build.0 = Release|Any CPU
		{9B6DAFC4-44E0-4552-89C6-1CAB1568F5EF}.Debug|Any CPU.ActiveCfg = Debug|Any CPU
		{9B6DAFC4-44E0-4552-89C6-1CAB1568F5EF}.Debug|Any CPU.Build.0 = Debug|Any CPU
		{9B6DAFC4-44E0-4552-89C6-1CAB1568F5EF}.Release|Any CPU.ActiveCfg = Release|Any CPU
		{9B6DAFC4-44E0-4552-89C6-1CAB1568F5EF}.Release|Any CPU.Build.0 = Release|Any CPU
		{DABBE303-D2A1-4255-ADEE-C7836054EED7}.Debug|Any CPU.ActiveCfg = Debug|Any CPU
		{DABBE303-D2A1-4255-ADEE-C7836054EED7}.Debug|Any CPU.Build.0 = Debug|Any CPU
		{DABBE303-D2A1-4255-ADEE-C7836054EED7}.Release|Any CPU.ActiveCfg = Release|Any CPU
		{DABBE303-D2A1-4255-ADEE-C7836054EED7}.Release|Any CPU.Build.0 = Release|Any CPU
		{9A4569E9-870E-4649-B2EB-D8AE843E9FE8}.Debug|Any CPU.ActiveCfg = Debug|Any CPU
		{9A4569E9-870E-4649-B2EB-D8AE843E9FE8}.Debug|Any CPU.Build.0 = Debug|Any CPU
		{9A4569E9-870E-4649-B2EB-D8AE843E9FE8}.Release|Any CPU.ActiveCfg = Release|Any CPU
		{9A4569E9-870E-4649-B2EB-D8AE843E9FE8}.Release|Any CPU.Build.0 = Release|Any CPU
		{94B525E5-8CC3-4F7D-8428-81F715608018}.Debug|Any CPU.ActiveCfg = Debug|Any CPU
		{94B525E5-8CC3-4F7D-8428-81F715608018}.Debug|Any CPU.Build.0 = Debug|Any CPU
		{94B525E5-8CC3-4F7D-8428-81F715608018}.Release|Any CPU.ActiveCfg = Release|Any CPU
		{94B525E5-8CC3-4F7D-8428-81F715608018}.Release|Any CPU.Build.0 = Release|Any CPU
		{FC5EDF01-4BA3-44CA-BAAC-2589F6B1CDCF}.Debug|Any CPU.ActiveCfg = Debug|Any CPU
		{FC5EDF01-4BA3-44CA-BAAC-2589F6B1CDCF}.Debug|Any CPU.Build.0 = Debug|Any CPU
		{FC5EDF01-4BA3-44CA-BAAC-2589F6B1CDCF}.Release|Any CPU.ActiveCfg = Release|Any CPU
		{FC5EDF01-4BA3-44CA-BAAC-2589F6B1CDCF}.Release|Any CPU.Build.0 = Release|Any CPU
		{9DF100D9-F9D0-421D-BB19-C7B0C7D3DCF4}.Debug|Any CPU.ActiveCfg = Debug|Any CPU
		{9DF100D9-F9D0-421D-BB19-C7B0C7D3DCF4}.Debug|Any CPU.Build.0 = Debug|Any CPU
		{9DF100D9-F9D0-421D-BB19-C7B0C7D3DCF4}.Release|Any CPU.ActiveCfg = Release|Any CPU
		{9DF100D9-F9D0-421D-BB19-C7B0C7D3DCF4}.Release|Any CPU.Build.0 = Release|Any CPU
		{6F433CAC-42AF-4036-8FCE-93E75A6DBED7}.Debug|Any CPU.ActiveCfg = Debug|Any CPU
		{6F433CAC-42AF-4036-8FCE-93E75A6DBED7}.Debug|Any CPU.Build.0 = Debug|Any CPU
		{6F433CAC-42AF-4036-8FCE-93E75A6DBED7}.Release|Any CPU.ActiveCfg = Release|Any CPU
		{6F433CAC-42AF-4036-8FCE-93E75A6DBED7}.Release|Any CPU.Build.0 = Release|Any CPU
		{0B1C13F2-6112-4774-9E76-BD9697E1B98D}.Debug|Any CPU.ActiveCfg = Debug|Any CPU
		{0B1C13F2-6112-4774-9E76-BD9697E1B98D}.Debug|Any CPU.Build.0 = Debug|Any CPU
		{0B1C13F2-6112-4774-9E76-BD9697E1B98D}.Release|Any CPU.ActiveCfg = Release|Any CPU
		{0B1C13F2-6112-4774-9E76-BD9697E1B98D}.Release|Any CPU.Build.0 = Release|Any CPU
		{0E623520-E2BD-412E-AA22-F8121CB70CB5}.Debug|Any CPU.ActiveCfg = Debug|Any CPU
		{0E623520-E2BD-412E-AA22-F8121CB70CB5}.Debug|Any CPU.Build.0 = Debug|Any CPU
		{0E623520-E2BD-412E-AA22-F8121CB70CB5}.Release|Any CPU.ActiveCfg = Release|Any CPU
		{0E623520-E2BD-412E-AA22-F8121CB70CB5}.Release|Any CPU.Build.0 = Release|Any CPU
		{54236A24-E047-42DD-A841-87D6F0BCF0C0}.Debug|Any CPU.ActiveCfg = Debug|Any CPU
		{54236A24-E047-42DD-A841-87D6F0BCF0C0}.Debug|Any CPU.Build.0 = Debug|Any CPU
		{54236A24-E047-42DD-A841-87D6F0BCF0C0}.Release|Any CPU.ActiveCfg = Release|Any CPU
		{54236A24-E047-42DD-A841-87D6F0BCF0C0}.Release|Any CPU.Build.0 = Release|Any CPU
		{5662C2ED-9864-4768-882F-3B1A7F1F15EF}.Debug|Any CPU.ActiveCfg = Debug|Any CPU
		{5662C2ED-9864-4768-882F-3B1A7F1F15EF}.Debug|Any CPU.Build.0 = Debug|Any CPU
		{5662C2ED-9864-4768-882F-3B1A7F1F15EF}.Release|Any CPU.ActiveCfg = Release|Any CPU
		{5662C2ED-9864-4768-882F-3B1A7F1F15EF}.Release|Any CPU.Build.0 = Release|Any CPU
		{D815898F-9949-435B-BBE6-856A9D334DCE}.Debug|Any CPU.ActiveCfg = Debug|Any CPU
		{D815898F-9949-435B-BBE6-856A9D334DCE}.Debug|Any CPU.Build.0 = Debug|Any CPU
		{D815898F-9949-435B-BBE6-856A9D334DCE}.Release|Any CPU.ActiveCfg = Release|Any CPU
		{D815898F-9949-435B-BBE6-856A9D334DCE}.Release|Any CPU.Build.0 = Release|Any CPU
		{27AE571C-D351-42E6-9136-5239825F1AEA}.Debug|Any CPU.ActiveCfg = Debug|Any CPU
		{27AE571C-D351-42E6-9136-5239825F1AEA}.Debug|Any CPU.Build.0 = Debug|Any CPU
		{27AE571C-D351-42E6-9136-5239825F1AEA}.Release|Any CPU.ActiveCfg = Release|Any CPU
		{27AE571C-D351-42E6-9136-5239825F1AEA}.Release|Any CPU.Build.0 = Release|Any CPU
		{C0CF17B0-C44B-4779-8751-FD387C23DDE6}.Debug|Any CPU.ActiveCfg = Debug|Any CPU
		{C0CF17B0-C44B-4779-8751-FD387C23DDE6}.Debug|Any CPU.Build.0 = Debug|Any CPU
		{C0CF17B0-C44B-4779-8751-FD387C23DDE6}.Release|Any CPU.ActiveCfg = Release|Any CPU
		{C0CF17B0-C44B-4779-8751-FD387C23DDE6}.Release|Any CPU.Build.0 = Release|Any CPU
		{30ACC830-AE75-4B16-8ED8-64F9B99D745B}.Debug|Any CPU.ActiveCfg = Debug|Any CPU
		{30ACC830-AE75-4B16-8ED8-64F9B99D745B}.Debug|Any CPU.Build.0 = Debug|Any CPU
		{30ACC830-AE75-4B16-8ED8-64F9B99D745B}.Release|Any CPU.ActiveCfg = Release|Any CPU
		{30ACC830-AE75-4B16-8ED8-64F9B99D745B}.Release|Any CPU.Build.0 = Release|Any CPU
		{6D9BC718-723F-4988-8850-467BEB958321}.Debug|Any CPU.ActiveCfg = Debug|Any CPU
		{6D9BC718-723F-4988-8850-467BEB958321}.Debug|Any CPU.Build.0 = Debug|Any CPU
		{6D9BC718-723F-4988-8850-467BEB958321}.Release|Any CPU.ActiveCfg = Release|Any CPU
		{6D9BC718-723F-4988-8850-467BEB958321}.Release|Any CPU.Build.0 = Release|Any CPU
		{1A2D22B3-9AD0-4092-A87A-3817667177D8}.Debug|Any CPU.ActiveCfg = Debug|Any CPU
		{1A2D22B3-9AD0-4092-A87A-3817667177D8}.Debug|Any CPU.Build.0 = Debug|Any CPU
		{1A2D22B3-9AD0-4092-A87A-3817667177D8}.Release|Any CPU.ActiveCfg = Release|Any CPU
		{1A2D22B3-9AD0-4092-A87A-3817667177D8}.Release|Any CPU.Build.0 = Release|Any CPU
		{CA257809-9D21-4DDF-B494-4AE146A038F8}.Debug|Any CPU.ActiveCfg = Debug|Any CPU
		{CA257809-9D21-4DDF-B494-4AE146A038F8}.Debug|Any CPU.Build.0 = Debug|Any CPU
		{CA257809-9D21-4DDF-B494-4AE146A038F8}.Release|Any CPU.ActiveCfg = Release|Any CPU
		{CA257809-9D21-4DDF-B494-4AE146A038F8}.Release|Any CPU.Build.0 = Release|Any CPU
		{5BC03BE5-006C-4C36-928D-192D7614C8EB}.Debug|Any CPU.ActiveCfg = Debug|Any CPU
		{5BC03BE5-006C-4C36-928D-192D7614C8EB}.Debug|Any CPU.Build.0 = Debug|Any CPU
		{5BC03BE5-006C-4C36-928D-192D7614C8EB}.Release|Any CPU.ActiveCfg = Release|Any CPU
		{5BC03BE5-006C-4C36-928D-192D7614C8EB}.Release|Any CPU.Build.0 = Release|Any CPU
		{ED43983A-C2E4-4FB6-8FA7-115DE80C0770}.Debug|Any CPU.ActiveCfg = Debug|Any CPU
		{ED43983A-C2E4-4FB6-8FA7-115DE80C0770}.Debug|Any CPU.Build.0 = Debug|Any CPU
		{ED43983A-C2E4-4FB6-8FA7-115DE80C0770}.Release|Any CPU.ActiveCfg = Release|Any CPU
		{ED43983A-C2E4-4FB6-8FA7-115DE80C0770}.Release|Any CPU.Build.0 = Release|Any CPU
		{74B444C8-A4DE-4320-94AF-887B27D515F4}.Debug|Any CPU.ActiveCfg = Debug|Any CPU
		{74B444C8-A4DE-4320-94AF-887B27D515F4}.Debug|Any CPU.Build.0 = Debug|Any CPU
		{74B444C8-A4DE-4320-94AF-887B27D515F4}.Release|Any CPU.ActiveCfg = Release|Any CPU
		{74B444C8-A4DE-4320-94AF-887B27D515F4}.Release|Any CPU.Build.0 = Release|Any CPU
	EndGlobalSection
	GlobalSection(SolutionProperties) = preSolution
		HideSolutionNode = FALSE
	EndGlobalSection
	GlobalSection(NestedProjects) = preSolution
		{9A4569E9-870E-4649-B2EB-D8AE843E9FE8} = {212D2A4D-0325-443C-94B2-4EA3CDE18248}
		{94B525E5-8CC3-4F7D-8428-81F715608018} = {212D2A4D-0325-443C-94B2-4EA3CDE18248}
		{FC5EDF01-4BA3-44CA-BAAC-2589F6B1CDCF} = {212D2A4D-0325-443C-94B2-4EA3CDE18248}
		{9DF100D9-F9D0-421D-BB19-C7B0C7D3DCF4} = {212D2A4D-0325-443C-94B2-4EA3CDE18248}
		{6F433CAC-42AF-4036-8FCE-93E75A6DBED7} = {212D2A4D-0325-443C-94B2-4EA3CDE18248}
		{0B1C13F2-6112-4774-9E76-BD9697E1B98D} = {212D2A4D-0325-443C-94B2-4EA3CDE18248}
		{0E623520-E2BD-412E-AA22-F8121CB70CB5} = {212D2A4D-0325-443C-94B2-4EA3CDE18248}
		{54236A24-E047-42DD-A841-87D6F0BCF0C0} = {212D2A4D-0325-443C-94B2-4EA3CDE18248}
		{5662C2ED-9864-4768-882F-3B1A7F1F15EF} = {212D2A4D-0325-443C-94B2-4EA3CDE18248}
		{D815898F-9949-435B-BBE6-856A9D334DCE} = {212D2A4D-0325-443C-94B2-4EA3CDE18248}
		{27AE571C-D351-42E6-9136-5239825F1AEA} = {212D2A4D-0325-443C-94B2-4EA3CDE18248}
		{C0CF17B0-C44B-4779-8751-FD387C23DDE6} = {212D2A4D-0325-443C-94B2-4EA3CDE18248}
		{30ACC830-AE75-4B16-8ED8-64F9B99D745B} = {212D2A4D-0325-443C-94B2-4EA3CDE18248}
		{6D9BC718-723F-4988-8850-467BEB958321} = {212D2A4D-0325-443C-94B2-4EA3CDE18248}
		{1A2D22B3-9AD0-4092-A87A-3817667177D8} = {212D2A4D-0325-443C-94B2-4EA3CDE18248}
		{CA257809-9D21-4DDF-B494-4AE146A038F8} = {212D2A4D-0325-443C-94B2-4EA3CDE18248}
		{5BC03BE5-006C-4C36-928D-192D7614C8EB} = {212D2A4D-0325-443C-94B2-4EA3CDE18248}
		{ED43983A-C2E4-4FB6-8FA7-115DE80C0770} = {212D2A4D-0325-443C-94B2-4EA3CDE18248}
		{74B444C8-A4DE-4320-94AF-887B27D515F4} = {212D2A4D-0325-443C-94B2-4EA3CDE18248}
	EndGlobalSection
	GlobalSection(ExtensibilityGlobals) = postSolution
		SolutionGuid = {AB64B513-252F-4F91-A011-A6FD97731889}
	EndGlobalSection
EndGlobal
